
Microsoft Visual Studio Solution File, Format Version 12.00
# Visual Studio Version 16
VisualStudioVersion = 16.0.30907.101
MinimumVisualStudioVersion = 10.0.40219.1
Project("{FAE04EC0-301F-11D3-BF4B-00C04F79EFBC}") = "LongestString", "LongestString.csproj", "{4BD85D4C-9E7E-49F7-A41D-CB114B3496CA}"
EndProject
Global
	GlobalSection(SolutionConfigurationPlatforms) = preSolution
		Debug|Any CPU = Debug|Any CPU
		Release|Any CPU = Release|Any CPU
	EndGlobalSection
	GlobalSection(ProjectConfigurationPlatforms) = postSolution
		{4BD85D4C-9E7E-49F7-A41D-CB114B3496CA}.Debug|Any CPU.ActiveCfg = Debug|Any CPU
		{4BD85D4C-9E7E-49F7-A41D-CB114B3496CA}.Debug|Any CPU.Build.0 = Debug|Any CPU
		{4BD85D4C-9E7E-49F7-A41D-CB114B3496CA}.Release|Any CPU.ActiveCfg = Release|Any CPU
		{4BD85D4C-9E7E-49F7-A41D-CB114B3496CA}.Release|Any CPU.Build.0 = Release|Any CPU
	EndGlobalSection
	GlobalSection(SolutionProperties) = preSolution
		HideSolutionNode = FALSE
	EndGlobalSection
	GlobalSection(ExtensibilityGlobals) = postSolution
		SolutionGuid = {7820BC03-0A1C-4604-BF27-DAC70C4AF8D6}
	EndGlobalSection
EndGlobal
